
Microsoft Visual Studio Solution File, Format Version 12.00
# Visual Studio Version 17
VisualStudioVersion = 17.7.34202.233
MinimumVisualStudioVersion = 10.0.40219.1
Project("{2150E333-8FDC-42A3-9474-1A3956D46DE8}") = "src", "src", "{A5025619-EDBB-42F9-8184-8451B8419339}"
EndProject
Project("{9A19103F-16F7-4668-BE54-9A1E7A4F7556}") = "NewRelic.Headless.Logging", "src\NewRelic.Headless.Logging\NewRelic.Headless.Logging.csproj", "{3235A54F-E8BE-452E-BEA9-969C5E12F6F1}"
EndProject
Global
	GlobalSection(SolutionConfigurationPlatforms) = preSolution
		Debug|Any CPU = Debug|Any CPU
		Release|Any CPU = Release|Any CPU
	EndGlobalSection
	GlobalSection(ProjectConfigurationPlatforms) = postSolution
		{3235A54F-E8BE-452E-BEA9-969C5E12F6F1}.Debug|Any CPU.ActiveCfg = Debug|Any CPU
		{3235A54F-E8BE-452E-BEA9-969C5E12F6F1}.Debug|Any CPU.Build.0 = Debug|Any CPU
		{3235A54F-E8BE-452E-BEA9-969C5E12F6F1}.Release|Any CPU.ActiveCfg = Release|Any CPU
		{3235A54F-E8BE-452E-BEA9-969C5E12F6F1}.Release|Any CPU.Build.0 = Release|Any CPU
	EndGlobalSection
	GlobalSection(SolutionProperties) = preSolution
		HideSolutionNode = FALSE
	EndGlobalSection
	GlobalSection(NestedProjects) = preSolution
		{3235A54F-E8BE-452E-BEA9-969C5E12F6F1} = {A5025619-EDBB-42F9-8184-8451B8419339}
	EndGlobalSection
	GlobalSection(ExtensibilityGlobals) = postSolution
		SolutionGuid = {EFFBDE14-DECA-41E1-B61A-F09171480DD8}
	EndGlobalSection
EndGlobal
